
Microsoft Visual Studio Solution File, Format Version 12.00
# Visual Studio Version 17
VisualStudioVersion = 17.7.34024.191
MinimumVisualStudioVersion = 10.0.40219.1
Project("{F184B08F-C81C-45F6-A57F-5ABD9991F28F}") = "digitalSlate", "digitalSlate.vbproj", "{1B961E17-F7E8-4959-A625-B3C67D64D3EB}"
EndProject
Global
	GlobalSection(SolutionConfigurationPlatforms) = preSolution
		Debug|Any CPU = Debug|Any CPU
		Release|Any CPU = Release|Any CPU
	EndGlobalSection
	GlobalSection(ProjectConfigurationPlatforms) = postSolution
		{1B961E17-F7E8-4959-A625-B3C67D64D3EB}.Debug|Any CPU.ActiveCfg = Debug|Any CPU
		{1B961E17-F7E8-4959-A625-B3C67D64D3EB}.Debug|Any CPU.Build.0 = Debug|Any CPU
		{1B961E17-F7E8-4959-A625-B3C67D64D3EB}.Release|Any CPU.ActiveCfg = Release|Any CPU
		{1B961E17-F7E8-4959-A625-B3C67D64D3EB}.Release|Any CPU.Build.0 = Release|Any CPU
	EndGlobalSection
	GlobalSection(SolutionProperties) = preSolution
		HideSolutionNode = FALSE
	EndGlobalSection
	GlobalSection(ExtensibilityGlobals) = postSolution
		SolutionGuid = {F19432FD-64C9-4942-9B37-9AAD87E05219}
	EndGlobalSection
EndGlobal
